// !$*UTF8*$!
{
	archiveVersion = 1;
	classes = {
	};
	objectVersion = 48;
	objects = {

/* Begin PBXBuildFile section */
		2714FC080CD6B22E4DAA4BD0 /* Pods_Landmark_RemarkTests.framework in Frameworks */ = {isa = PBXBuildFile; fileRef = 8B0F01074FE6091469918BDD /* Pods_Landmark_RemarkTests.framework */; };
		5CB583D11F9EEC230079D091 /* GoogleService-Info.plist in Resources */ = {isa = PBXBuildFile; fileRef = 5CB583D01F9EEC230079D091 /* GoogleService-Info.plist */; };
		5CC2CC8A1F9F179D008BC9AE /* SignInViewController.swift in Sources */ = {isa = PBXBuildFile; fileRef = 5CC2CC891F9F179D008BC9AE /* SignInViewController.swift */; };
		5CEDD14C1F9E0F9B0061EEB5 /* AppDelegate.swift in Sources */ = {isa = PBXBuildFile; fileRef = 5CEDD14B1F9E0F9B0061EEB5 /* AppDelegate.swift */; };
		5CEDD14E1F9E0F9B0061EEB5 /* ViewController.swift in Sources */ = {isa = PBXBuildFile; fileRef = 5CEDD14D1F9E0F9B0061EEB5 /* ViewController.swift */; };
		5CEDD1511F9E0F9B0061EEB5 /* Main.storyboard in Resources */ = {isa = PBXBuildFile; fileRef = 5CEDD14F1F9E0F9B0061EEB5 /* Main.storyboard */; };
		5CEDD1531F9E0F9B0061EEB5 /* Assets.xcassets in Resources */ = {isa = PBXBuildFile; fileRef = 5CEDD1521F9E0F9B0061EEB5 /* Assets.xcassets */; };
		5CEDD1561F9E0F9B0061EEB5 /* LaunchScreen.storyboard in Resources */ = {isa = PBXBuildFile; fileRef = 5CEDD1541F9E0F9B0061EEB5 /* LaunchScreen.storyboard */; };
		5CEDD1611F9E0F9B0061EEB5 /* Landmark_RemarkTests.swift in Sources */ = {isa = PBXBuildFile; fileRef = 5CEDD1601F9E0F9B0061EEB5 /* Landmark_RemarkTests.swift */; };
		5CEDD16C1F9E0F9B0061EEB5 /* Landmark_RemarkUITests.swift in Sources */ = {isa = PBXBuildFile; fileRef = 5CEDD16B1F9E0F9B0061EEB5 /* Landmark_RemarkUITests.swift */; };
		A809FEDEEBF63EB951C0B27C /* Pods_Landmark_Remark.framework in Frameworks */ = {isa = PBXBuildFile; fileRef = DF97F447260F2C3E6B0E9E6C /* Pods_Landmark_Remark.framework */; };
		B9F0F316F23D5A832B51B1AC /* Pods_Landmark_RemarkUITests.framework in Frameworks */ = {isa = PBXBuildFile; fileRef = 529CAD3FFDD6F3BFD70112A0 /* Pods_Landmark_RemarkUITests.framework */; };
/* End PBXBuildFile section */

/* Begin PBXContainerItemProxy section */
		5CEDD15D1F9E0F9B0061EEB5 /* PBXContainerItemProxy */ = {
			isa = PBXContainerItemProxy;
			containerPortal = 5CEDD1401F9E0F9B0061EEB5 /* Project object */;
			proxyType = 1;
			remoteGlobalIDString = 5CEDD1471F9E0F9B0061EEB5;
			remoteInfo = "Landmark Remark";
		};
		5CEDD1681F9E0F9B0061EEB5 /* PBXContainerItemProxy */ = {
			isa = PBXContainerItemProxy;
			containerPortal = 5CEDD1401F9E0F9B0061EEB5 /* Project object */;
			proxyType = 1;
			remoteGlobalIDString = 5CEDD1471F9E0F9B0061EEB5;
			remoteInfo = "Landmark Remark";
		};
/* End PBXContainerItemProxy section */

/* Begin PBXFileReference section */
		0CD8A719C9E51B8510785600 /* Pods-Landmark RemarkTests.debug.xcconfig */ = {isa = PBXFileReference; includeInIndex = 1; lastKnownFileType = text.xcconfig; name = "Pods-Landmark RemarkTests.debug.xcconfig"; path = "Pods/Target Support Files/Pods-Landmark RemarkTests/Pods-Landmark RemarkTests.debug.xcconfig"; sourceTree = "<group>"; };
		25CF3AC95D0A54F3F745FBFF /* Pods-Landmark RemarkUITests.release.xcconfig */ = {isa = PBXFileReference; includeInIndex = 1; lastKnownFileType = text.xcconfig; name = "Pods-Landmark RemarkUITests.release.xcconfig"; path = "Pods/Target Support Files/Pods-Landmark RemarkUITests/Pods-Landmark RemarkUITests.release.xcconfig"; sourceTree = "<group>"; };
		3C6C48A4787DAFD881D6B639 /* Pods-Landmark RemarkTests.release.xcconfig */ = {isa = PBXFileReference; includeInIndex = 1; lastKnownFileType = text.xcconfig; name = "Pods-Landmark RemarkTests.release.xcconfig"; path = "Pods/Target Support Files/Pods-Landmark RemarkTests/Pods-Landmark RemarkTests.release.xcconfig"; sourceTree = "<group>"; };
		4F1F19552268F3DE03208AC3 /* Pods-Landmark RemarkUITests.debug.xcconfig */ = {isa = PBXFileReference; includeInIndex = 1; lastKnownFileType = text.xcconfig; name = "Pods-Landmark RemarkUITests.debug.xcconfig"; path = "Pods/Target Support Files/Pods-Landmark RemarkUITests/Pods-Landmark RemarkUITests.debug.xcconfig"; sourceTree = "<group>"; };
		529CAD3FFDD6F3BFD70112A0 /* Pods_Landmark_RemarkUITests.framework */ = {isa = PBXFileReference; explicitFileType = wrapper.framework; includeInIndex = 0; path = Pods_Landmark_RemarkUITests.framework; sourceTree = BUILT_PRODUCTS_DIR; };
		5C8F6B401F9E2D8E00A8F102 /* CoreLocation.framework */ = {isa = PBXFileReference; lastKnownFileType = wrapper.framework; name = CoreLocation.framework; path = System/Library/Frameworks/CoreLocation.framework; sourceTree = SDKROOT; };
		5CB583D01F9EEC230079D091 /* GoogleService-Info.plist */ = {isa = PBXFileReference; fileEncoding = 4; lastKnownFileType = text.plist.xml; path = "GoogleService-Info.plist"; sourceTree = "<group>"; };
		5CC2CC891F9F179D008BC9AE /* SignInViewController.swift */ = {isa = PBXFileReference; lastKnownFileType = sourcecode.swift; path = SignInViewController.swift; sourceTree = "<group>"; };
		5CEDD1481F9E0F9B0061EEB5 /* Landmark Remark.app */ = {isa = PBXFileReference; explicitFileType = wrapper.application; includeInIndex = 0; path = "Landmark Remark.app"; sourceTree = BUILT_PRODUCTS_DIR; };
		5CEDD14B1F9E0F9B0061EEB5 /* AppDelegate.swift */ = {isa = PBXFileReference; lastKnownFileType = sourcecode.swift; path = AppDelegate.swift; sourceTree = "<group>"; };
		5CEDD14D1F9E0F9B0061EEB5 /* ViewController.swift */ = {isa = PBXFileReference; lastKnownFileType = sourcecode.swift; path = ViewController.swift; sourceTree = "<group>"; };
		5CEDD1501F9E0F9B0061EEB5 /* Base */ = {isa = PBXFileReference; lastKnownFileType = file.storyboard; name = Base; path = Base.lproj/Main.storyboard; sourceTree = "<group>"; };
		5CEDD1521F9E0F9B0061EEB5 /* Assets.xcassets */ = {isa = PBXFileReference; lastKnownFileType = folder.assetcatalog; path = Assets.xcassets; sourceTree = "<group>"; };
		5CEDD1551F9E0F9B0061EEB5 /* Base */ = {isa = PBXFileReference; lastKnownFileType = file.storyboard; name = Base; path = Base.lproj/LaunchScreen.storyboard; sourceTree = "<group>"; };
		5CEDD1571F9E0F9B0061EEB5 /* Info.plist */ = {isa = PBXFileReference; lastKnownFileType = text.plist.xml; path = Info.plist; sourceTree = "<group>"; };
		5CEDD15C1F9E0F9B0061EEB5 /* Landmark RemarkTests.xctest */ = {isa = PBXFileReference; explicitFileType = wrapper.cfbundle; includeInIndex = 0; path = "Landmark RemarkTests.xctest"; sourceTree = BUILT_PRODUCTS_DIR; };
		5CEDD1601F9E0F9B0061EEB5 /* Landmark_RemarkTests.swift */ = {isa = PBXFileReference; lastKnownFileType = sourcecode.swift; path = Landmark_RemarkTests.swift; sourceTree = "<group>"; };
		5CEDD1621F9E0F9B0061EEB5 /* Info.plist */ = {isa = PBXFileReference; lastKnownFileType = text.plist.xml; path = Info.plist; sourceTree = "<group>"; };
		5CEDD1671F9E0F9B0061EEB5 /* Landmark RemarkUITests.xctest */ = {isa = PBXFileReference; explicitFileType = wrapper.cfbundle; includeInIndex = 0; path = "Landmark RemarkUITests.xctest"; sourceTree = BUILT_PRODUCTS_DIR; };
		5CEDD16B1F9E0F9B0061EEB5 /* Landmark_RemarkUITests.swift */ = {isa = PBXFileReference; lastKnownFileType = sourcecode.swift; path = Landmark_RemarkUITests.swift; sourceTree = "<group>"; };
		5CEDD16D1F9E0F9B0061EEB5 /* Info.plist */ = {isa = PBXFileReference; lastKnownFileType = text.plist.xml; path = Info.plist; sourceTree = "<group>"; };
		65710B835A97876E556E61C2 /* Pods-Landmark Remark.debug.xcconfig */ = {isa = PBXFileReference; includeInIndex = 1; lastKnownFileType = text.xcconfig; name = "Pods-Landmark Remark.debug.xcconfig"; path = "Pods/Target Support Files/Pods-Landmark Remark/Pods-Landmark Remark.debug.xcconfig"; sourceTree = "<group>"; };
		8B0F01074FE6091469918BDD /* Pods_Landmark_RemarkTests.framework */ = {isa = PBXFileReference; explicitFileType = wrapper.framework; includeInIndex = 0; path = Pods_Landmark_RemarkTests.framework; sourceTree = BUILT_PRODUCTS_DIR; };
		90F9D6706B88AB3713C92CCD /* Pods-Landmark Remark.release.xcconfig */ = {isa = PBXFileReference; includeInIndex = 1; lastKnownFileType = text.xcconfig; name = "Pods-Landmark Remark.release.xcconfig"; path = "Pods/Target Support Files/Pods-Landmark Remark/Pods-Landmark Remark.release.xcconfig"; sourceTree = "<group>"; };
		DF97F447260F2C3E6B0E9E6C /* Pods_Landmark_Remark.framework */ = {isa = PBXFileReference; explicitFileType = wrapper.framework; includeInIndex = 0; path = Pods_Landmark_Remark.framework; sourceTree = BUILT_PRODUCTS_DIR; };
/* End PBXFileReference section */

/* Begin PBXFrameworksBuildPhase section */
		5CEDD1451F9E0F9B0061EEB5 /* Frameworks */ = {
			isa = PBXFrameworksBuildPhase;
			buildActionMask = 2147483647;
			files = (
				A809FEDEEBF63EB951C0B27C /* Pods_Landmark_Remark.framework in Frameworks */,
			);
			runOnlyForDeploymentPostprocessing = 0;
		};
		5CEDD1591F9E0F9B0061EEB5 /* Frameworks */ = {
			isa = PBXFrameworksBuildPhase;
			buildActionMask = 2147483647;
			files = (
				2714FC080CD6B22E4DAA4BD0 /* Pods_Landmark_RemarkTests.framework in Frameworks */,
			);
			runOnlyForDeploymentPostprocessing = 0;
		};
		5CEDD1641F9E0F9B0061EEB5 /* Frameworks */ = {
			isa = PBXFrameworksBuildPhase;
			buildActionMask = 2147483647;
			files = (
				B9F0F316F23D5A832B51B1AC /* Pods_Landmark_RemarkUITests.framework in Frameworks */,
			);
			runOnlyForDeploymentPostprocessing = 0;
		};
/* End PBXFrameworksBuildPhase section */

/* Begin PBXGroup section */
		4AD8FC7195DD0BA9BB6D2C6B /* Pods */ = {
			isa = PBXGroup;
			children = (
				65710B835A97876E556E61C2 /* Pods-Landmark Remark.debug.xcconfig */,
				90F9D6706B88AB3713C92CCD /* Pods-Landmark Remark.release.xcconfig */,
				0CD8A719C9E51B8510785600 /* Pods-Landmark RemarkTests.debug.xcconfig */,
				3C6C48A4787DAFD881D6B639 /* Pods-Landmark RemarkTests.release.xcconfig */,
				4F1F19552268F3DE03208AC3 /* Pods-Landmark RemarkUITests.debug.xcconfig */,
				25CF3AC95D0A54F3F745FBFF /* Pods-Landmark RemarkUITests.release.xcconfig */,
			);
			name = Pods;
			sourceTree = "<group>";
		};
		5C8F6B3F1F9E2D8E00A8F102 /* Frameworks */ = {
			isa = PBXGroup;
			children = (
				5C8F6B401F9E2D8E00A8F102 /* CoreLocation.framework */,
				DF97F447260F2C3E6B0E9E6C /* Pods_Landmark_Remark.framework */,
				8B0F01074FE6091469918BDD /* Pods_Landmark_RemarkTests.framework */,
				529CAD3FFDD6F3BFD70112A0 /* Pods_Landmark_RemarkUITests.framework */,
			);
			name = Frameworks;
			sourceTree = "<group>";
		};
		5CEDD13F1F9E0F9B0061EEB5 = {
			isa = PBXGroup;
			children = (
				5CB583D01F9EEC230079D091 /* GoogleService-Info.plist */,
				5CEDD14A1F9E0F9B0061EEB5 /* Landmark Remark */,
				5CEDD15F1F9E0F9B0061EEB5 /* Landmark RemarkTests */,
				5CEDD16A1F9E0F9B0061EEB5 /* Landmark RemarkUITests */,
				5CEDD1491F9E0F9B0061EEB5 /* Products */,
				5C8F6B3F1F9E2D8E00A8F102 /* Frameworks */,
				4AD8FC7195DD0BA9BB6D2C6B /* Pods */,
			);
			sourceTree = "<group>";
		};
		5CEDD1491F9E0F9B0061EEB5 /* Products */ = {
			isa = PBXGroup;
			children = (
				5CEDD1481F9E0F9B0061EEB5 /* Landmark Remark.app */,
				5CEDD15C1F9E0F9B0061EEB5 /* Landmark RemarkTests.xctest */,
				5CEDD1671F9E0F9B0061EEB5 /* Landmark RemarkUITests.xctest */,
			);
			name = Products;
			sourceTree = "<group>";
		};
		5CEDD14A1F9E0F9B0061EEB5 /* Landmark Remark */ = {
			isa = PBXGroup;
			children = (
				5CEDD14B1F9E0F9B0061EEB5 /* AppDelegate.swift */,
				5CEDD14D1F9E0F9B0061EEB5 /* ViewController.swift */,
				5CC2CC891F9F179D008BC9AE /* SignInViewController.swift */,
				5CEDD14F1F9E0F9B0061EEB5 /* Main.storyboard */,
				5CEDD1521F9E0F9B0061EEB5 /* Assets.xcassets */,
				5CEDD1541F9E0F9B0061EEB5 /* LaunchScreen.storyboard */,
				5CEDD1571F9E0F9B0061EEB5 /* Info.plist */,
			);
			path = "Landmark Remark";
			sourceTree = "<group>";
		};
		5CEDD15F1F9E0F9B0061EEB5 /* Landmark RemarkTests */ = {
			isa = PBXGroup;
			children = (
				5CEDD1601F9E0F9B0061EEB5 /* Landmark_RemarkTests.swift */,
				5CEDD1621F9E0F9B0061EEB5 /* Info.plist */,
			);
			path = "Landmark RemarkTests";
			sourceTree = "<group>";
		};
		5CEDD16A1F9E0F9B0061EEB5 /* Landmark RemarkUITests */ = {
			isa = PBXGroup;
			children = (
				5CEDD16B1F9E0F9B0061EEB5 /* Landmark_RemarkUITests.swift */,
				5CEDD16D1F9E0F9B0061EEB5 /* Info.plist */,
			);
			path = "Landmark RemarkUITests";
			sourceTree = "<group>";
		};
/* End PBXGroup section */

/* Begin PBXNativeTarget section */
		5CEDD1471F9E0F9B0061EEB5 /* Landmark Remark */ = {
			isa = PBXNativeTarget;
			buildConfigurationList = 5CEDD1701F9E0F9B0061EEB5 /* Build configuration list for PBXNativeTarget "Landmark Remark" */;
			buildPhases = (
				BC2AAAA2542020F57BB0A741 /* [CP] Check Pods Manifest.lock */,
				5CEDD1441F9E0F9B0061EEB5 /* Sources */,
				5CEDD1451F9E0F9B0061EEB5 /* Frameworks */,
				5CEDD1461F9E0F9B0061EEB5 /* Resources */,
				F7986FB26D6FFF34209A1399 /* [CP] Embed Pods Frameworks */,
				6F555C03C72B0ED2AA2D6F7A /* [CP] Copy Pods Resources */,
			);
			buildRules = (
			);
			dependencies = (
			);
			name = "Landmark Remark";
			productName = "Landmark Remark";
			productReference = 5CEDD1481F9E0F9B0061EEB5 /* Landmark Remark.app */;
			productType = "com.apple.product-type.application";
		};
		5CEDD15B1F9E0F9B0061EEB5 /* Landmark RemarkTests */ = {
			isa = PBXNativeTarget;
			buildConfigurationList = 5CEDD1731F9E0F9B0061EEB5 /* Build configuration list for PBXNativeTarget "Landmark RemarkTests" */;
			buildPhases = (
				AF2B1D4D6A91DF51E584470C /* [CP] Check Pods Manifest.lock */,
				5CEDD1581F9E0F9B0061EEB5 /* Sources */,
				5CEDD1591F9E0F9B0061EEB5 /* Frameworks */,
				5CEDD15A1F9E0F9B0061EEB5 /* Resources */,
				FE827633CF5731C210FEC84C /* [CP] Embed Pods Frameworks */,
				D20696FB47CC96F7AD460C03 /* [CP] Copy Pods Resources */,
			);
			buildRules = (
			);
			dependencies = (
				5CEDD15E1F9E0F9B0061EEB5 /* PBXTargetDependency */,
			);
			name = "Landmark RemarkTests";
			productName = "Landmark RemarkTests";
			productReference = 5CEDD15C1F9E0F9B0061EEB5 /* Landmark RemarkTests.xctest */;
			productType = "com.apple.product-type.bundle.unit-test";
		};
		5CEDD1661F9E0F9B0061EEB5 /* Landmark RemarkUITests */ = {
			isa = PBXNativeTarget;
			buildConfigurationList = 5CEDD1761F9E0F9B0061EEB5 /* Build configuration list for PBXNativeTarget "Landmark RemarkUITests" */;
			buildPhases = (
				AC1DB021CCB473C40D224774 /* [CP] Check Pods Manifest.lock */,
				5CEDD1631F9E0F9B0061EEB5 /* Sources */,
				5CEDD1641F9E0F9B0061EEB5 /* Frameworks */,
				5CEDD1651F9E0F9B0061EEB5 /* Resources */,
				BB4EB3F217A1538E5F31C61F /* [CP] Embed Pods Frameworks */,
				8CB8D8E3E463172F398A2E27 /* [CP] Copy Pods Resources */,
			);
			buildRules = (
			);
			dependencies = (
				5CEDD1691F9E0F9B0061EEB5 /* PBXTargetDependency */,
			);
			name = "Landmark RemarkUITests";
			productName = "Landmark RemarkUITests";
			productReference = 5CEDD1671F9E0F9B0061EEB5 /* Landmark RemarkUITests.xctest */;
			productType = "com.apple.product-type.bundle.ui-testing";
		};
/* End PBXNativeTarget section */

/* Begin PBXProject section */
		5CEDD1401F9E0F9B0061EEB5 /* Project object */ = {
			isa = PBXProject;
			attributes = {
				LastSwiftUpdateCheck = 0900;
				LastUpgradeCheck = 0900;
				ORGANIZATIONNAME = "Rashid Asgari";
				TargetAttributes = {
					5CEDD1471F9E0F9B0061EEB5 = {
						CreatedOnToolsVersion = 9.0.1;
						ProvisioningStyle = Automatic;
					};
					5CEDD15B1F9E0F9B0061EEB5 = {
						CreatedOnToolsVersion = 9.0.1;
						ProvisioningStyle = Automatic;
						TestTargetID = 5CEDD1471F9E0F9B0061EEB5;
					};
					5CEDD1661F9E0F9B0061EEB5 = {
						CreatedOnToolsVersion = 9.0.1;
						ProvisioningStyle = Automatic;
						TestTargetID = 5CEDD1471F9E0F9B0061EEB5;
					};
				};
			};
			buildConfigurationList = 5CEDD1431F9E0F9B0061EEB5 /* Build configuration list for PBXProject "Landmark Remark" */;
			compatibilityVersion = "Xcode 8.0";
			developmentRegion = en;
			hasScannedForEncodings = 0;
			knownRegions = (
				en,
				Base,
			);
			mainGroup = 5CEDD13F1F9E0F9B0061EEB5;
			productRefGroup = 5CEDD1491F9E0F9B0061EEB5 /* Products */;
			projectDirPath = "";
			projectRoot = "";
			targets = (
				5CEDD1471F9E0F9B0061EEB5 /* Landmark Remark */,
				5CEDD15B1F9E0F9B0061EEB5 /* Landmark RemarkTests */,
				5CEDD1661F9E0F9B0061EEB5 /* Landmark RemarkUITests */,
			);
		};
/* End PBXProject section */

/* Begin PBXResourcesBuildPhase section */
		5CEDD1461F9E0F9B0061EEB5 /* Resources */ = {
			isa = PBXResourcesBuildPhase;
			buildActionMask = 2147483647;
			files = (
				5CEDD1561F9E0F9B0061EEB5 /* LaunchScreen.storyboard in Resources */,
				5CB583D11F9EEC230079D091 /* GoogleService-Info.plist in Resources */,
				5CEDD1531F9E0F9B0061EEB5 /* Assets.xcassets in Resources */,
				5CEDD1511F9E0F9B0061EEB5 /* Main.storyboard in Resources */,
			);
			runOnlyForDeploymentPostprocessing = 0;
		};
		5CEDD15A1F9E0F9B0061EEB5 /* Resources */ = {
			isa = PBXResourcesBuildPhase;
			buildActionMask = 2147483647;
			files = (
			);
			runOnlyForDeploymentPostprocessing = 0;
		};
		5CEDD1651F9E0F9B0061EEB5 /* Resources */ = {
			isa = PBXResourcesBuildPhase;
			buildActionMask = 2147483647;
			files = (
			);
			runOnlyForDeploymentPostprocessing = 0;
		};
/* End PBXResourcesBuildPhase section */

/* Begin PBXShellScriptBuildPhase section */
		6F555C03C72B0ED2AA2D6F7A /* [CP] Copy Pods Resources */ = {
			isa = PBXShellScriptBuildPhase;
			buildActionMask = 2147483647;
			files = (
			);
			inputPaths = (
				"${SRCROOT}/Pods/Target Support Files/Pods-Landmark Remark/Pods-Landmark Remark-resources.sh",
				"${PODS_ROOT}/GoogleSignIn/Resources/GoogleSignIn.bundle",
			);
			name = "[CP] Copy Pods Resources";
			outputPaths = (
				"${TARGET_BUILD_DIR}/${UNLOCALIZED_RESOURCES_FOLDER_PATH}",
			);
			runOnlyForDeploymentPostprocessing = 0;
			shellPath = /bin/sh;
			shellScript = "\"${SRCROOT}/Pods/Target Support Files/Pods-Landmark Remark/Pods-Landmark Remark-resources.sh\"\n";
			showEnvVarsInLog = 0;
		};
		8CB8D8E3E463172F398A2E27 /* [CP] Copy Pods Resources */ = {
			isa = PBXShellScriptBuildPhase;
			buildActionMask = 2147483647;
			files = (
			);
			inputPaths = (
			);
			name = "[CP] Copy Pods Resources";
			outputPaths = (
			);
			runOnlyForDeploymentPostprocessing = 0;
			shellPath = /bin/sh;
			shellScript = "\"${SRCROOT}/Pods/Target Support Files/Pods-Landmark RemarkUITests/Pods-Landmark RemarkUITests-resources.sh\"\n";
			showEnvVarsInLog = 0;
		};
		AC1DB021CCB473C40D224774 /* [CP] Check Pods Manifest.lock */ = {
			isa = PBXShellScriptBuildPhase;
			buildActionMask = 2147483647;
			files = (
			);
			inputPaths = (
				"${PODS_PODFILE_DIR_PATH}/Podfile.lock",
				"${PODS_ROOT}/Manifest.lock",
			);
			name = "[CP] Check Pods Manifest.lock";
			outputPaths = (
				"$(DERIVED_FILE_DIR)/Pods-Landmark RemarkUITests-checkManifestLockResult.txt",
			);
			runOnlyForDeploymentPostprocessing = 0;
			shellPath = /bin/sh;
			shellScript = "diff \"${PODS_PODFILE_DIR_PATH}/Podfile.lock\" \"${PODS_ROOT}/Manifest.lock\" > /dev/null\nif [ $? != 0 ] ; then\n    # print error to STDERR\n    echo \"error: The sandbox is not in sync with the Podfile.lock. Run 'pod install' or update your CocoaPods installation.\" >&2\n    exit 1\nfi\n# This output is used by Xcode 'outputs' to avoid re-running this script phase.\necho \"SUCCESS\" > \"${SCRIPT_OUTPUT_FILE_0}\"\n";
			showEnvVarsInLog = 0;
		};
		AF2B1D4D6A91DF51E584470C /* [CP] Check Pods Manifest.lock */ = {
			isa = PBXShellScriptBuildPhase;
			buildActionMask = 2147483647;
			files = (
			);
			inputPaths = (
				"${PODS_PODFILE_DIR_PATH}/Podfile.lock",
				"${PODS_ROOT}/Manifest.lock",
			);
			name = "[CP] Check Pods Manifest.lock";
			outputPaths = (
				"$(DERIVED_FILE_DIR)/Pods-Landmark RemarkTests-checkManifestLockResult.txt",
			);
			runOnlyForDeploymentPostprocessing = 0;
			shellPath = /bin/sh;
			shellScript = "diff \"${PODS_PODFILE_DIR_PATH}/Podfile.lock\" \"${PODS_ROOT}/Manifest.lock\" > /dev/null\nif [ $? != 0 ] ; then\n    # print error to STDERR\n    echo \"error: The sandbox is not in sync with the Podfile.lock. Run 'pod install' or update your CocoaPods installation.\" >&2\n    exit 1\nfi\n# This output is used by Xcode 'outputs' to avoid re-running this script phase.\necho \"SUCCESS\" > \"${SCRIPT_OUTPUT_FILE_0}\"\n";
			showEnvVarsInLog = 0;
		};
		BB4EB3F217A1538E5F31C61F /* [CP] Embed Pods Frameworks */ = {
			isa = PBXShellScriptBuildPhase;
			buildActionMask = 2147483647;
			files = (
			);
			inputPaths = (
			);
			name = "[CP] Embed Pods Frameworks";
			outputPaths = (
			);
			runOnlyForDeploymentPostprocessing = 0;
			shellPath = /bin/sh;
			shellScript = "\"${SRCROOT}/Pods/Target Support Files/Pods-Landmark RemarkUITests/Pods-Landmark RemarkUITests-frameworks.sh\"\n";
			showEnvVarsInLog = 0;
		};
		BC2AAAA2542020F57BB0A741 /* [CP] Check Pods Manifest.lock */ = {
			isa = PBXShellScriptBuildPhase;
			buildActionMask = 2147483647;
			files = (
			);
			inputPaths = (
				"${PODS_PODFILE_DIR_PATH}/Podfile.lock",
				"${PODS_ROOT}/Manifest.lock",
			);
			name = "[CP] Check Pods Manifest.lock";
			outputPaths = (
				"$(DERIVED_FILE_DIR)/Pods-Landmark Remark-checkManifestLockResult.txt",
			);
			runOnlyForDeploymentPostprocessing = 0;
			shellPath = /bin/sh;
			shellScript = "diff \"${PODS_PODFILE_DIR_PATH}/Podfile.lock\" \"${PODS_ROOT}/Manifest.lock\" > /dev/null\nif [ $? != 0 ] ; then\n    # print error to STDERR\n    echo \"error: The sandbox is not in sync with the Podfile.lock. Run 'pod install' or update your CocoaPods installation.\" >&2\n    exit 1\nfi\n# This output is used by Xcode 'outputs' to avoid re-running this script phase.\necho \"SUCCESS\" > \"${SCRIPT_OUTPUT_FILE_0}\"\n";
			showEnvVarsInLog = 0;
		};
		D20696FB47CC96F7AD460C03 /* [CP] Copy Pods Resources */ = {
			isa = PBXShellScriptBuildPhase;
			buildActionMask = 2147483647;
			files = (
			);
			inputPaths = (
			);
			name = "[CP] Copy Pods Resources";
			outputPaths = (
			);
			runOnlyForDeploymentPostprocessing = 0;
			shellPath = /bin/sh;
			shellScript = "\"${SRCROOT}/Pods/Target Support Files/Pods-Landmark RemarkTests/Pods-Landmark RemarkTests-resources.sh\"\n";
			showEnvVarsInLog = 0;
		};
		F7986FB26D6FFF34209A1399 /* [CP] Embed Pods Frameworks */ = {
			isa = PBXShellScriptBuildPhase;
			buildActionMask = 2147483647;
			files = (
			);
			inputPaths = (
				"${SRCROOT}/Pods/Target Support Files/Pods-Landmark Remark/Pods-Landmark Remark-frameworks.sh",
				"${BUILT_PRODUCTS_DIR}/GTMOAuth2/GTMOAuth2.framework",
				"${BUILT_PRODUCTS_DIR}/GTMSessionFetcher/GTMSessionFetcher.framework",
				"${BUILT_PRODUCTS_DIR}/GoogleToolboxForMac/GoogleToolboxForMac.framework",
				"${BUILT_PRODUCTS_DIR}/leveldb-library/leveldb.framework",
				"${BUILT_PRODUCTS_DIR}/nanopb/nanopb.framework",
			);
			name = "[CP] Embed Pods Frameworks";
			outputPaths = (
				"${TARGET_BUILD_DIR}/${FRAMEWORKS_FOLDER_PATH}/GTMOAuth2.framework",
				"${TARGET_BUILD_DIR}/${FRAMEWORKS_FOLDER_PATH}/GTMSessionFetcher.framework",
				"${TARGET_BUILD_DIR}/${FRAMEWORKS_FOLDER_PATH}/GoogleToolboxForMac.framework",
				"${TARGET_BUILD_DIR}/${FRAMEWORKS_FOLDER_PATH}/leveldb.framework",
				"${TARGET_BUILD_DIR}/${FRAMEWORKS_FOLDER_PATH}/nanopb.framework",
			);
			runOnlyForDeploymentPostprocessing = 0;
			shellPath = /bin/sh;
			shellScript = "\"${SRCROOT}/Pods/Target Support Files/Pods-Landmark Remark/Pods-Landmark Remark-frameworks.sh\"\n";
			showEnvVarsInLog = 0;
		};
		FE827633CF5731C210FEC84C /* [CP] Embed Pods Frameworks */ = {
			isa = PBXShellScriptBuildPhase;
			buildActionMask = 2147483647;
			files = (
			);
			inputPaths = (
			);
			name = "[CP] Embed Pods Frameworks";
			outputPaths = (
			);
			runOnlyForDeploymentPostprocessing = 0;
			shellPath = /bin/sh;
			shellScript = "\"${SRCROOT}/Pods/Target Support Files/Pods-Landmark RemarkTests/Pods-Landmark RemarkTests-frameworks.sh\"\n";
			showEnvVarsInLog = 0;
		};
/* End PBXShellScriptBuildPhase section */

/* Begin PBXSourcesBuildPhase section */
		5CEDD1441F9E0F9B0061EEB5 /* Sources */ = {
			isa = PBXSourcesBuildPhase;
			buildActionMask = 2147483647;
			files = (
				5CEDD14E1F9E0F9B0061EEB5 /* ViewController.swift in Sources */,
				5CEDD14C1F9E0F9B0061EEB5 /* AppDelegate.swift in Sources */,
				5CC2CC8A1F9F179D008BC9AE /* SignInViewController.swift in Sources */,
			);
			runOnlyForDeploymentPostprocessing = 0;
		};
		5CEDD1581F9E0F9B0061EEB5 /* Sources */ = {
			isa = PBXSourcesBuildPhase;
			buildActionMask = 2147483647;
			files = (
				5CEDD1611F9E0F9B0061EEB5 /* Landmark_RemarkTests.swift in Sources */,
			);
			runOnlyForDeploymentPostprocessing = 0;
		};
		5CEDD1631F9E0F9B0061EEB5 /* Sources */ = {
			isa = PBXSourcesBuildPhase;
			buildActionMask = 2147483647;
			files = (
				5CEDD16C1F9E0F9B0061EEB5 /* Landmark_RemarkUITests.swift in Sources */,
			);
			runOnlyForDeploymentPostprocessing = 0;
		};
/* End PBXSourcesBuildPhase section */

/* Begin PBXTargetDependency section */
		5CEDD15E1F9E0F9B0061EEB5 /* PBXTargetDependency */ = {
			isa = PBXTargetDependency;
			target = 5CEDD1471F9E0F9B0061EEB5 /* Landmark Remark */;
			targetProxy = 5CEDD15D1F9E0F9B0061EEB5 /* PBXContainerItemProxy */;
		};
		5CEDD1691F9E0F9B0061EEB5 /* PBXTargetDependency */ = {
			isa = PBXTargetDependency;
			target = 5CEDD1471F9E0F9B0061EEB5 /* Landmark Remark */;
			targetProxy = 5CEDD1681F9E0F9B0061EEB5 /* PBXContainerItemProxy */;
		};
/* End PBXTargetDependency section */

/* Begin PBXVariantGroup section */
		5CEDD14F1F9E0F9B0061EEB5 /* Main.storyboard */ = {
			isa = PBXVariantGroup;
			children = (
				5CEDD1501F9E0F9B0061EEB5 /* Base */,
			);
			name = Main.storyboard;
			sourceTree = "<group>";
		};
		5CEDD1541F9E0F9B0061EEB5 /* LaunchScreen.storyboard */ = {
			isa = PBXVariantGroup;
			children = (
				5CEDD1551F9E0F9B0061EEB5 /* Base */,
			);
			name = LaunchScreen.storyboard;
			sourceTree = "<group>";
		};
/* End PBXVariantGroup section */

/* Begin XCBuildConfiguration section */
		5CEDD16E1F9E0F9B0061EEB5 /* Debug */ = {
			isa = XCBuildConfiguration;
			buildSettings = {
				ALWAYS_SEARCH_USER_PATHS = NO;
				CLANG_ANALYZER_NONNULL = YES;
				CLANG_ANALYZER_NUMBER_OBJECT_CONVERSION = YES_AGGRESSIVE;
				CLANG_CXX_LANGUAGE_STANDARD = "gnu++14";
				CLANG_CXX_LIBRARY = "libc++";
				CLANG_ENABLE_MODULES = YES;
				CLANG_ENABLE_OBJC_ARC = YES;
				CLANG_WARN_BLOCK_CAPTURE_AUTORELEASING = YES;
				CLANG_WARN_BOOL_CONVERSION = YES;
				CLANG_WARN_COMMA = YES;
				CLANG_WARN_CONSTANT_CONVERSION = YES;
				CLANG_WARN_DIRECT_OBJC_ISA_USAGE = YES_ERROR;
				CLANG_WARN_DOCUMENTATION_COMMENTS = YES;
				CLANG_WARN_EMPTY_BODY = YES;
				CLANG_WARN_ENUM_CONVERSION = YES;
				CLANG_WARN_INFINITE_RECURSION = YES;
				CLANG_WARN_INT_CONVERSION = YES;
				CLANG_WARN_NON_LITERAL_NULL_CONVERSION = YES;
				CLANG_WARN_OBJC_LITERAL_CONVERSION = YES;
				CLANG_WARN_OBJC_ROOT_CLASS = YES_ERROR;
				CLANG_WARN_RANGE_LOOP_ANALYSIS = YES;
				CLANG_WARN_STRICT_PROTOTYPES = YES;
				CLANG_WARN_SUSPICIOUS_MOVE = YES;
				CLANG_WARN_UNGUARDED_AVAILABILITY = YES_AGGRESSIVE;
				CLANG_WARN_UNREACHABLE_CODE = YES;
				CLANG_WARN__DUPLICATE_METHOD_MATCH = YES;
				CODE_SIGN_IDENTITY = "iPhone Developer";
				COPY_PHASE_STRIP = NO;
				DEBUG_INFORMATION_FORMAT = dwarf;
				ENABLE_STRICT_OBJC_MSGSEND = YES;
				ENABLE_TESTABILITY = YES;
				GCC_C_LANGUAGE_STANDARD = gnu11;
				GCC_DYNAMIC_NO_PIC = NO;
				GCC_NO_COMMON_BLOCKS = YES;
				GCC_OPTIMIZATION_LEVEL = 0;
				GCC_PREPROCESSOR_DEFINITIONS = (
					"DEBUG=1",
					"$(inherited)",
				);
				GCC_WARN_64_TO_32_BIT_CONVERSION = YES;
				GCC_WARN_ABOUT_RETURN_TYPE = YES_ERROR;
				GCC_WARN_UNDECLARED_SELECTOR = YES;
				GCC_WARN_UNINITIALIZED_AUTOS = YES_AGGRESSIVE;
				GCC_WARN_UNUSED_FUNCTION = YES;
				GCC_WARN_UNUSED_VARIABLE = YES;
				IPHONEOS_DEPLOYMENT_TARGET = 11.0;
				MTL_ENABLE_DEBUG_INFO = YES;
				ONLY_ACTIVE_ARCH = YES;
				SDKROOT = iphoneos;
				SWIFT_ACTIVE_COMPILATION_CONDITIONS = DEBUG;
				SWIFT_OPTIMIZATION_LEVEL = "-Onone";
			};
			name = Debug;
		};
		5CEDD16F1F9E0F9B0061EEB5 /* Release */ = {
			isa = XCBuildConfiguration;
			buildSettings = {
				ALWAYS_SEARCH_USER_PATHS = NO;
				CLANG_ANALYZER_NONNULL = YES;
				CLANG_ANALYZER_NUMBER_OBJECT_CONVERSION = YES_AGGRESSIVE;
				CLANG_CXX_LANGUAGE_STANDARD = "gnu++14";
				CLANG_CXX_LIBRARY = "libc++";
				CLANG_ENABLE_MODULES = YES;
				CLANG_ENABLE_OBJC_ARC = YES;
				CLANG_WARN_BLOCK_CAPTURE_AUTORELEASING = YES;
				CLANG_WARN_BOOL_CONVERSION = YES;
				CLANG_WARN_COMMA = YES;
				CLANG_WARN_CONSTANT_CONVERSION = YES;
				CLANG_WARN_DIRECT_OBJC_ISA_USAGE = YES_ERROR;
				CLANG_WARN_DOCUMENTATION_COMMENTS = YES;
				CLANG_WARN_EMPTY_BODY = YES;
				CLANG_WARN_ENUM_CONVERSION = YES;
				CLANG_WARN_INFINITE_RECURSION = YES;
				CLANG_WARN_INT_CONVERSION = YES;
				CLANG_WARN_NON_LITERAL_NULL_CONVERSION = YES;
				CLANG_WARN_OBJC_LITERAL_CONVERSION = YES;
				CLANG_WARN_OBJC_ROOT_CLASS = YES_ERROR;
				CLANG_WARN_RANGE_LOOP_ANALYSIS = YES;
				CLANG_WARN_STRICT_PROTOTYPES = YES;
				CLANG_WARN_SUSPICIOUS_MOVE = YES;
				CLANG_WARN_UNGUARDED_AVAILABILITY = YES_AGGRESSIVE;
				CLANG_WARN_UNREACHABLE_CODE = YES;
				CLANG_WARN__DUPLICATE_METHOD_MATCH = YES;
				CODE_SIGN_IDENTITY = "iPhone Developer";
				COPY_PHASE_STRIP = NO;
				DEBUG_INFORMATION_FORMAT = "dwarf-with-dsym";
				ENABLE_NS_ASSERTIONS = NO;
				ENABLE_STRICT_OBJC_MSGSEND = YES;
				GCC_C_LANGUAGE_STANDARD = gnu11;
				GCC_NO_COMMON_BLOCKS = YES;
				GCC_WARN_64_TO_32_BIT_CONVERSION = YES;
				GCC_WARN_ABOUT_RETURN_TYPE = YES_ERROR;
				GCC_WARN_UNDECLARED_SELECTOR = YES;
				GCC_WARN_UNINITIALIZED_AUTOS = YES_AGGRESSIVE;
				GCC_WARN_UNUSED_FUNCTION = YES;
				GCC_WARN_UNUSED_VARIABLE = YES;
				IPHONEOS_DEPLOYMENT_TARGET = 11.0;
				MTL_ENABLE_DEBUG_INFO = NO;
				SDKROOT = iphoneos;
				SWIFT_OPTIMIZATION_LEVEL = "-Owholemodule";
				VALIDATE_PRODUCT = YES;
			};
			name = Release;
		};
		5CEDD1711F9E0F9B0061EEB5 /* Debug */ = {
			isa = XCBuildConfiguration;
			baseConfigurationReference = 65710B835A97876E556E61C2 /* Pods-Landmark Remark.debug.xcconfig */;
			buildSettings = {
				ASSETCATALOG_COMPILER_APPICON_NAME = AppIcon;
				CODE_SIGN_STYLE = Automatic;
				DEVELOPMENT_TEAM = 4K99X2X754;
				FRAMEWORK_SEARCH_PATHS = (
					"$(inherited)",
					"\"$PODS_CONFIGURATION_BUILD_DIR/GTMSessionFetcher\"",
					"\"$PODS_CONFIGURATION_BUILD_DIR/GoogleToolboxForMac\"",
					"\"$PODS_CONFIGURATION_BUILD_DIR/leveldb-library\"",
					"\"$PODS_CONFIGURATION_BUILD_DIR/nanopb\"",
					"\"${PODS_ROOT}/FirebaseAnalytics/Frameworks\"",
					"\"${PODS_ROOT}/FirebaseAuth/Frameworks\"",
					"\"${PODS_ROOT}/FirebaseCore/Frameworks\"",
					"\"${PODS_ROOT}/FirebaseDatabase/Frameworks\"",
					"\"${PODS_ROOT}/FirebaseInstanceID/Frameworks\"",
					"$(SRCROOT)/**",
				);
				INFOPLIST_FILE = "Landmark Remark/Info.plist";
				LD_RUNPATH_SEARCH_PATHS = "$(inherited) @executable_path/Frameworks";
				PRODUCT_BUNDLE_IDENTIFIER = "mrapplication.Landmark-Remark";
				PRODUCT_NAME = "$(TARGET_NAME)";
				SWIFT_VERSION = 4.0;
				TARGETED_DEVICE_FAMILY = "1,2";
			};
			name = Debug;
		};
		5CEDD1721F9E0F9B0061EEB5 /* Release */ = {
			isa = XCBuildConfiguration;
			baseConfigurationReference = 90F9D6706B88AB3713C92CCD /* Pods-Landmark Remark.release.xcconfig */;
			buildSettings = {
				ASSETCATALOG_COMPILER_APPICON_NAME = AppIcon;
				CODE_SIGN_STYLE = Automatic;
				DEVELOPMENT_TEAM = 4K99X2X754;
				FRAMEWORK_SEARCH_PATHS = (
					"$(inherited)",
					"\"$PODS_CONFIGURATION_BUILD_DIR/GTMSessionFetcher\"",
					"\"$PODS_CONFIGURATION_BUILD_DIR/GoogleToolboxForMac\"",
					"\"$PODS_CONFIGURATION_BUILD_DIR/leveldb-library\"",
					"\"$PODS_CONFIGURATION_BUILD_DIR/nanopb\"",
					"\"${PODS_ROOT}/FirebaseAnalytics/Frameworks\"",
					"\"${PODS_ROOT}/FirebaseAuth/Frameworks\"",
					"\"${PODS_ROOT}/FirebaseCore/Frameworks\"",
					"\"${PODS_ROOT}/FirebaseDatabase/Frameworks\"",
					"\"${PODS_ROOT}/FirebaseInstanceID/Frameworks\"",
					"$(SRCROOT)/**",
				);
				INFOPLIST_FILE = "Landmark Remark/Info.plist";
				LD_RUNPATH_SEARCH_PATHS = "$(inherited) @executable_path/Frameworks";
				PRODUCT_BUNDLE_IDENTIFIER = "mrapplication.Landmark-Remark";
				PRODUCT_NAME = "$(TARGET_NAME)";
				SWIFT_VERSION = 4.0;
				TARGETED_DEVICE_FAMILY = "1,2";
			};
			name = Release;
		};
		5CEDD1741F9E0F9B0061EEB5 /* Debug */ = {
			isa = XCBuildConfiguration;
			baseConfigurationReference = 0CD8A719C9E51B8510785600 /* Pods-Landmark RemarkTests.debug.xcconfig */;
			buildSettings = {
				ALWAYS_EMBED_SWIFT_STANDARD_LIBRARIES = YES;
				BUNDLE_LOADER = "$(TEST_HOST)";
				CODE_SIGN_STYLE = Automatic;
				DEVELOPMENT_TEAM = 4K99X2X754;
				INFOPLIST_FILE = "Landmark RemarkTests/Info.plist";
				LD_RUNPATH_SEARCH_PATHS = "$(inherited) @executable_path/Frameworks @loader_path/Frameworks";
				PRODUCT_BUNDLE_IDENTIFIER = "mrapplication.Landmark-RemarkTests";
				PRODUCT_NAME = "$(TARGET_NAME)";
				SWIFT_VERSION = 4.0;
				TARGETED_DEVICE_FAMILY = "1,2";
				TEST_HOST = "$(BUILT_PRODUCTS_DIR)/Landmark Remark.app/Landmark Remark";
			};
			name = Debug;
		};
		5CEDD1751F9E0F9B0061EEB5 /* Release */ = {
			isa = XCBuildConfiguration;
			baseConfigurationReference = 3C6C48A4787DAFD881D6B639 /* Pods-Landmark RemarkTests.release.xcconfig */;
			buildSettings = {
				ALWAYS_EMBED_SWIFT_STANDARD_LIBRARIES = YES;
				BUNDLE_LOADER = "$(TEST_HOST)";
				CODE_SIGN_STYLE = Automatic;
				DEVELOPMENT_TEAM = 4K99X2X754;
				INFOPLIST_FILE = "Landmark RemarkTests/Info.plist";
				LD_RUNPATH_SEARCH_PATHS = "$(inherited) @executable_path/Frameworks @loader_path/Frameworks";
				PRODUCT_BUNDLE_IDENTIFIER = "mrapplication.Landmark-RemarkTests";
				PRODUCT_NAME = "$(TARGET_NAME)";
				SWIFT_VERSION = 4.0;
				TARGETED_DEVICE_FAMILY = "1,2";
				TEST_HOST = "$(BUILT_PRODUCTS_DIR)/Landmark Remark.app/Landmark Remark";
			};
			name = Release;
		};
		5CEDD1771F9E0F9B0061EEB5 /* Debug */ = {
			isa = XCBuildConfiguration;
			baseConfigurationReference = 4F1F19552268F3DE03208AC3 /* Pods-Landmark RemarkUITests.debug.xcconfig */;
			buildSettings = {
				ALWAYS_EMBED_SWIFT_STANDARD_LIBRARIES = YES;
				CODE_SIGN_STYLE = Automatic;
				DEVELOPMENT_TEAM = 4K99X2X754;
				INFOPLIST_FILE = "Landmark RemarkUITests/Info.plist";
				LD_RUNPATH_SEARCH_PATHS = "$(inherited) @executable_path/Frameworks @loader_path/Frameworks";
				PRODUCT_BUNDLE_IDENTIFIER = "mrapplication.Landmark-RemarkUITests";
				PRODUCT_NAME = "$(TARGET_NAME)";
				SWIFT_VERSION = 4.0;
				TARGETED_DEVICE_FAMILY = "1,2";
				TEST_TARGET_NAME = "Landmark Remark";
			};
			name = Debug;
		};
		5CEDD1781F9E0F9B0061EEB5 /* Release */ = {
			isa = XCBuildConfiguration;
			baseConfigurationReference = 25CF3AC95D0A54F3F745FBFF /* Pods-Landmark RemarkUITests.release.xcconfig */;
			buildSettings = {
				ALWAYS_EMBED_SWIFT_STANDARD_LIBRARIES = YES;
				CODE_SIGN_STYLE = Automatic;
				DEVELOPMENT_TEAM = 4K99X2X754;
				INFOPLIST_FILE = "Landmark RemarkUITests/Info.plist";
				LD_RUNPATH_SEARCH_PATHS = "$(inherited) @executable_path/Frameworks @loader_path/Frameworks";
				PRODUCT_BUNDLE_IDENTIFIER = "mrapplication.Landmark-RemarkUITests";
				PRODUCT_NAME = "$(TARGET_NAME)";
				SWIFT_VERSION = 4.0;
				TARGETED_DEVICE_FAMILY = "1,2";
				TEST_TARGET_NAME = "Landmark Remark";
			};
			name = Release;
		};
/* End XCBuildConfiguration section */

/* Begin XCConfigurationList section */
		5CEDD1431F9E0F9B0061EEB5 /* Build configuration list for PBXProject "Landmark Remark" */ = {
			isa = XCConfigurationList;
			buildConfigurations = (
				5CEDD16E1F9E0F9B0061EEB5 /* Debug */,
				5CEDD16F1F9E0F9B0061EEB5 /* Release */,
			);
			defaultConfigurationIsVisible = 0;
			defaultConfigurationName = Release;
		};
		5CEDD1701F9E0F9B0061EEB5 /* Build configuration list for PBXNativeTarget "Landmark Remark" */ = {
			isa = XCConfigurationList;
			buildConfigurations = (
				5CEDD1711F9E0F9B0061EEB5 /* Debug */,
				5CEDD1721F9E0F9B0061EEB5 /* Release */,
			);
			defaultConfigurationIsVisible = 0;
			defaultConfigurationName = Release;
		};
		5CEDD1731F9E0F9B0061EEB5 /* Build configuration list for PBXNativeTarget "Landmark RemarkTests" */ = {
			isa = XCConfigurationList;
			buildConfigurations = (
				5CEDD1741F9E0F9B0061EEB5 /* Debug */,
				5CEDD1751F9E0F9B0061EEB5 /* Release */,
			);
			defaultConfigurationIsVisible = 0;
			defaultConfigurationName = Release;
		};
		5CEDD1761F9E0F9B0061EEB5 /* Build configuration list for PBXNativeTarget "Landmark RemarkUITests" */ = {
			isa = XCConfigurationList;
			buildConfigurations = (
				5CEDD1771F9E0F9B0061EEB5 /* Debug */,
				5CEDD1781F9E0F9B0061EEB5 /* Release */,
			);
			defaultConfigurationIsVisible = 0;
			defaultConfigurationName = Release;
		};
/* End XCConfigurationList section */
	};
	rootObject = 5CEDD1401F9E0F9B0061EEB5 /* Project object */;
}
